
Microsoft Visual Studio Solution File, Format Version 12.00
# Visual Studio 15
Project("{FAE04EC0-301F-11D3-BF4B-00C04F79EFBC}") = "XFramework.Runtime", "XFramework.Runtime.csproj", "{EBDF8752-4EAE-2220-B59A-87F5AAE42E62}"
EndProject
Project("{FAE04EC0-301F-11D3-BF4B-00C04F79EFBC}") = "XFramework.ThirdParty", "XFramework.ThirdParty.csproj", "{71F927D2-7015-CF47-59AA-E20063484ED5}"
EndProject
Project("{FAE04EC0-301F-11D3-BF4B-00C04F79EFBC}") = "XFramework.Editor", "XFramework.Editor.csproj", "{20852024-CF2E-1405-27E7-F586B56B5A8E}"
EndProject
Global
	GlobalSection(SolutionConfigurationPlatforms) = preSolution
		Debug|Any CPU = Debug|Any CPU
		Release|Any CPU = Release|Any CPU
	EndGlobalSection
	GlobalSection(ProjectConfigurationPlatforms) = postSolution
		{EBDF8752-4EAE-2220-B59A-87F5AAE42E62}.Debug|Any CPU.ActiveCfg = Debug|Any CPU
		{EBDF8752-4EAE-2220-B59A-87F5AAE42E62}.Debug|Any CPU.Build.0 = Debug|Any CPU
		{EBDF8752-4EAE-2220-B59A-87F5AAE42E62}.Release|Any CPU.ActiveCfg = Release|Any CPU
		{EBDF8752-4EAE-2220-B59A-87F5AAE42E62}.Release|Any CPU.Build.0 = Release|Any CPU
		{71F927D2-7015-CF47-59AA-E20063484ED5}.Debug|Any CPU.ActiveCfg = Debug|Any CPU
		{71F927D2-7015-CF47-59AA-E20063484ED5}.Debug|Any CPU.Build.0 = Debug|Any CPU
		{71F927D2-7015-CF47-59AA-E20063484ED5}.Release|Any CPU.ActiveCfg = Release|Any CPU
		{71F927D2-7015-CF47-59AA-E20063484ED5}.Release|Any CPU.Build.0 = Release|Any CPU
		{20852024-CF2E-1405-27E7-F586B56B5A8E}.Debug|Any CPU.ActiveCfg = Debug|Any CPU
		{20852024-CF2E-1405-27E7-F586B56B5A8E}.Debug|Any CPU.Build.0 = Debug|Any CPU
		{20852024-CF2E-1405-27E7-F586B56B5A8E}.Release|Any CPU.ActiveCfg = Release|Any CPU
		{20852024-CF2E-1405-27E7-F586B56B5A8E}.Release|Any CPU.Build.0 = Release|Any CPU
	EndGlobalSection
	GlobalSection(SolutionProperties) = preSolution
		HideSolutionNode = FALSE
	EndGlobalSection
EndGlobal
